// !$*UTF8*$!
{
	archiveVersion = 1;
	classes = {
	};
	objectVersion = 50;
	objects = {

/* Begin PBXBuildFile section */
		1311D89B21BBE82E00A09499 /* StudentClass.swift in Sources */ = {isa = PBXBuildFile; fileRef = 1311D89A21BBE82E00A09499 /* StudentClass.swift */; };
		135D120F21B8092200DA9C69 /* ExtensionCALayer.swift in Sources */ = {isa = PBXBuildFile; fileRef = 135D120E21B8092200DA9C69 /* ExtensionCALayer.swift */; };
		1380ED512302F2440063F79F /* DocumentBrowserViewController.swift in Sources */ = {isa = PBXBuildFile; fileRef = 1380ED502302F2440063F79F /* DocumentBrowserViewController.swift */; };
		138E6E2821C458830000A747 /* SyllabusPageViewController.swift in Sources */ = {isa = PBXBuildFile; fileRef = 138E6E2721C458830000A747 /* SyllabusPageViewController.swift */; };
		139BCB6421BDDC71005A750A /* ShowcasePageViewController.swift in Sources */ = {isa = PBXBuildFile; fileRef = 139BCB6321BDDC71005A750A /* ShowcasePageViewController.swift */; };
		139BCB6621BDDFD5005A750A /* NotifyPageViewController.swift in Sources */ = {isa = PBXBuildFile; fileRef = 139BCB6521BDDFD5005A750A /* NotifyPageViewController.swift */; };
		139BCB6821BDE034005A750A /* DescriptionPageViewController.swift in Sources */ = {isa = PBXBuildFile; fileRef = 139BCB6721BDE034005A750A /* DescriptionPageViewController.swift */; };
		139BCB6A21BDE057005A750A /* DocumentsPagesViewController.swift in Sources */ = {isa = PBXBuildFile; fileRef = 139BCB6921BDE057005A750A /* DocumentsPagesViewController.swift */; };
		139BCB6C21BDE0AF005A750A /* BookingPagesViewController.swift in Sources */ = {isa = PBXBuildFile; fileRef = 139BCB6B21BDE0AF005A750A /* BookingPagesViewController.swift */; };
		13A7D28621C6F25F00F42193 /* Reachability.swift in Sources */ = {isa = PBXBuildFile; fileRef = 13A7D28521C6F25F00F42193 /* Reachability.swift */; };
		13CC782321C93FB90052E579 /* PortaleStudentiViewController.swift in Sources */ = {isa = PBXBuildFile; fileRef = 13CC782221C93FB90052E579 /* PortaleStudentiViewController.swift */; };
		13D3997D21CACF1300B023B8 /* DocsClass.swift in Sources */ = {isa = PBXBuildFile; fileRef = 13D3997C21CACF1300B023B8 /* DocsClass.swift */; };
		13D3997F21CAE1D000B023B8 /* DocumentsCollectionViewCell.swift in Sources */ = {isa = PBXBuildFile; fileRef = 13D3997E21CAE1D000B023B8 /* DocumentsCollectionViewCell.swift */; };
		13D86DDB21B9A3BF007638FD /* ExtensionUIColor.swift in Sources */ = {isa = PBXBuildFile; fileRef = 13D86DDA21B9A3BF007638FD /* ExtensionUIColor.swift */; };
		13E3A34721C140A6004BE8D8 /* NotifyCell.swift in Sources */ = {isa = PBXBuildFile; fileRef = 13E3A34621C140A6004BE8D8 /* NotifyCell.swift */; };
		13E3A34A21C1416E004BE8D8 /* NotifyTableDataSource.swift in Sources */ = {isa = PBXBuildFile; fileRef = 13E3A34921C1416E004BE8D8 /* NotifyTableDataSource.swift */; };
		13E91D0521C7DB550007EF3E /* ManageCoursePageViewController.swift in Sources */ = {isa = PBXBuildFile; fileRef = 13E91D0421C7DB550007EF3E /* ManageCoursePageViewController.swift */; };
		13F8E3C221A9667200BBAD9B /* TeachingViewController.swift in Sources */ = {isa = PBXBuildFile; fileRef = 13F8E3C121A9667200BBAD9B /* TeachingViewController.swift */; };
		2759E77776A5A5155B4E2176 /* Pods_StudiumUITests.framework in Frameworks */ = {isa = PBXBuildFile; fileRef = 1CDF896A1C96AD896583B6F2 /* Pods_StudiumUITests.framework */; };
		9C06A22721AB6BC500E695DB /* DepartmentTableViewCell.swift in Sources */ = {isa = PBXBuildFile; fileRef = 9C06A22621AB6BC500E695DB /* DepartmentTableViewCell.swift */; };
		9C06A22A21AB700200E695DB /* DepartmentClass.swift in Sources */ = {isa = PBXBuildFile; fileRef = 9C06A22921AB700200E695DB /* DepartmentClass.swift */; };
		9C06A22C21AB707500E695DB /* CDLClass.swift in Sources */ = {isa = PBXBuildFile; fileRef = 9C06A22B21AB707500E695DB /* CDLClass.swift */; };
		9C06CA8621C67ACF00FA09DB /* staticArrayCourses.swift in Sources */ = {isa = PBXBuildFile; fileRef = 9C06CA8521C67ACF00FA09DB /* staticArrayCourses.swift */; };
		9C07088E21C85C1100F7D296 /* CoursesTableViewCell.swift in Sources */ = {isa = PBXBuildFile; fileRef = 9C07088D21C85C1100F7D296 /* CoursesTableViewCell.swift */; };
		9C07089021C8672800F7D296 /* BrowseAndSearchCourseTableViewCell.swift in Sources */ = {isa = PBXBuildFile; fileRef = 9C07088F21C8672800F7D296 /* BrowseAndSearchCourseTableViewCell.swift */; };
		9C0E501B21C3F7CE0055C4DD /* ManageCourseViewController.swift in Sources */ = {isa = PBXBuildFile; fileRef = 9C0E501A21C3F7CE0055C4DD /* ManageCourseViewController.swift */; };
		9C0E501D21C3F7F10055C4DD /* BrowseAndSearchCoursesViewController.swift in Sources */ = {isa = PBXBuildFile; fileRef = 9C0E501C21C3F7F10055C4DD /* BrowseAndSearchCoursesViewController.swift */; };
		9C454F1323016B070071F81F /* PswEncryption.swift in Sources */ = {isa = PBXBuildFile; fileRef = 9C454F1223016B070071F81F /* PswEncryption.swift */; };
		9C454F1523016DA70071F81F /* Session.swift in Sources */ = {isa = PBXBuildFile; fileRef = 9C454F1423016DA70071F81F /* Session.swift */; };
		9C7ADB5522F31AF7009651FB /* BackendAPI.swift in Sources */ = {isa = PBXBuildFile; fileRef = 9C7ADB5422F31AF7009651FB /* BackendAPI.swift */; };
		9CC86E3F22C0EC0F007567B1 /* WebKit.framework in Frameworks */ = {isa = PBXBuildFile; fileRef = 9CC86E3E22C0EC0F007567B1 /* WebKit.framework */; };
		9CFE72C121B9508E001EB697 /* CDLTableViewCell.swift in Sources */ = {isa = PBXBuildFile; fileRef = 9CFE72C021B9508E001EB697 /* CDLTableViewCell.swift */; };
		9CFE72C321B95206001EB697 /* TeachingClass.swift in Sources */ = {isa = PBXBuildFile; fileRef = 9CFE72C221B95206001EB697 /* TeachingClass.swift */; };
		9CFE72C521B95331001EB697 /* HomeTableSectionClass.swift in Sources */ = {isa = PBXBuildFile; fileRef = 9CFE72C421B95331001EB697 /* HomeTableSectionClass.swift */; };
		9CFE72CA21BA9814001EB697 /* CoursesViewController.swift in Sources */ = {isa = PBXBuildFile; fileRef = 9CFE72C921BA9814001EB697 /* CoursesViewController.swift */; };
		9CFE9D7321A8ADBC0030AE33 /* AppDelegate.swift in Sources */ = {isa = PBXBuildFile; fileRef = 9CFE9D7221A8ADBC0030AE33 /* AppDelegate.swift */; };
		9CFE9D7821A8ADBC0030AE33 /* Main.storyboard in Resources */ = {isa = PBXBuildFile; fileRef = 9CFE9D7621A8ADBC0030AE33 /* Main.storyboard */; };
		9CFE9D7B21A8ADBC0030AE33 /* Studium.xcdatamodeld in Sources */ = {isa = PBXBuildFile; fileRef = 9CFE9D7921A8ADBC0030AE33 /* Studium.xcdatamodeld */; };
		9CFE9D7D21A8ADBE0030AE33 /* Assets.xcassets in Resources */ = {isa = PBXBuildFile; fileRef = 9CFE9D7C21A8ADBE0030AE33 /* Assets.xcassets */; };
		9CFE9D8021A8ADBE0030AE33 /* LaunchScreen.storyboard in Resources */ = {isa = PBXBuildFile; fileRef = 9CFE9D7E21A8ADBE0030AE33 /* LaunchScreen.storyboard */; };
		9CFE9D8B21A8ADBE0030AE33 /* StudiumTests.swift in Sources */ = {isa = PBXBuildFile; fileRef = 9CFE9D8A21A8ADBE0030AE33 /* StudiumTests.swift */; };
		9CFE9D9621A8ADBE0030AE33 /* StudiumUITests.swift in Sources */ = {isa = PBXBuildFile; fileRef = 9CFE9D9521A8ADBE0030AE33 /* StudiumUITests.swift */; };
		9CFE9DA521A8AE960030AE33 /* LoginViewController.swift in Sources */ = {isa = PBXBuildFile; fileRef = 9CFE9DA421A8AE960030AE33 /* LoginViewController.swift */; };
		9CFE9DA821A8BBEE0030AE33 /* MenuTableViewController.swift in Sources */ = {isa = PBXBuildFile; fileRef = 9CFE9DA721A8BBEE0030AE33 /* MenuTableViewController.swift */; };
		9CFE9DAB21A8BC6B0030AE33 /* HomeViewController.swift in Sources */ = {isa = PBXBuildFile; fileRef = 9CFE9DAA21A8BC6B0030AE33 /* HomeViewController.swift */; };
		9CFE9DAF21A8BC8F0030AE33 /* ProfileViewController.swift in Sources */ = {isa = PBXBuildFile; fileRef = 9CFE9DAE21A8BC8F0030AE33 /* ProfileViewController.swift */; };
		9CFE9DB121A8BC9A0030AE33 /* DocumentsViewController.swift in Sources */ = {isa = PBXBuildFile; fileRef = 9CFE9DB021A8BC9A0030AE33 /* DocumentsViewController.swift */; };
		DCDCA30A0259D09056ED34DE /* Pods_StudiumTests.framework in Frameworks */ = {isa = PBXBuildFile; fileRef = 680AF054BAE403BD03DB8DA1 /* Pods_StudiumTests.framework */; };
		F1B1CA9919349ED5CFE1C280 /* Pods_Studium.framework in Frameworks */ = {isa = PBXBuildFile; fileRef = ACC89C62786E9836B037027E /* Pods_Studium.framework */; };
/* End PBXBuildFile section */

/* Begin PBXContainerItemProxy section */
		9CFE9D8721A8ADBE0030AE33 /* PBXContainerItemProxy */ = {
			isa = PBXContainerItemProxy;
			containerPortal = 9CFE9D6721A8ADBC0030AE33 /* Project object */;
			proxyType = 1;
			remoteGlobalIDString = 9CFE9D6E21A8ADBC0030AE33;
			remoteInfo = Studium;
		};
		9CFE9D9221A8ADBE0030AE33 /* PBXContainerItemProxy */ = {
			isa = PBXContainerItemProxy;
			containerPortal = 9CFE9D6721A8ADBC0030AE33 /* Project object */;
			proxyType = 1;
			remoteGlobalIDString = 9CFE9D6E21A8ADBC0030AE33;
			remoteInfo = Studium;
		};
/* End PBXContainerItemProxy section */

/* Begin PBXFileReference section */
		0D0D5F6926FC3A70A81E131D /* Pods-StudiumTests.release.xcconfig */ = {isa = PBXFileReference; includeInIndex = 1; lastKnownFileType = text.xcconfig; name = "Pods-StudiumTests.release.xcconfig"; path = "Pods/Target Support Files/Pods-StudiumTests/Pods-StudiumTests.release.xcconfig"; sourceTree = "<group>"; };
		0E83DFE790C0A80B2F43811B /* Pods-StudiumUITests.release.xcconfig */ = {isa = PBXFileReference; includeInIndex = 1; lastKnownFileType = text.xcconfig; name = "Pods-StudiumUITests.release.xcconfig"; path = "Pods/Target Support Files/Pods-StudiumUITests/Pods-StudiumUITests.release.xcconfig"; sourceTree = "<group>"; };
		1311D89A21BBE82E00A09499 /* StudentClass.swift */ = {isa = PBXFileReference; lastKnownFileType = sourcecode.swift; path = StudentClass.swift; sourceTree = "<group>"; };
		135D120E21B8092200DA9C69 /* ExtensionCALayer.swift */ = {isa = PBXFileReference; lastKnownFileType = sourcecode.swift; path = ExtensionCALayer.swift; sourceTree = "<group>"; };
		1380ED502302F2440063F79F /* DocumentBrowserViewController.swift */ = {isa = PBXFileReference; lastKnownFileType = sourcecode.swift; path = DocumentBrowserViewController.swift; sourceTree = "<group>"; };
		138E6E2721C458830000A747 /* SyllabusPageViewController.swift */ = {isa = PBXFileReference; lastKnownFileType = sourcecode.swift; path = SyllabusPageViewController.swift; sourceTree = "<group>"; };
		139BCB6321BDDC71005A750A /* ShowcasePageViewController.swift */ = {isa = PBXFileReference; lastKnownFileType = sourcecode.swift; path = ShowcasePageViewController.swift; sourceTree = "<group>"; };
		139BCB6521BDDFD5005A750A /* NotifyPageViewController.swift */ = {isa = PBXFileReference; lastKnownFileType = sourcecode.swift; path = NotifyPageViewController.swift; sourceTree = "<group>"; };
		139BCB6721BDE034005A750A /* DescriptionPageViewController.swift */ = {isa = PBXFileReference; lastKnownFileType = sourcecode.swift; path = DescriptionPageViewController.swift; sourceTree = "<group>"; };
		139BCB6921BDE057005A750A /* DocumentsPagesViewController.swift */ = {isa = PBXFileReference; lastKnownFileType = sourcecode.swift; path = DocumentsPagesViewController.swift; sourceTree = "<group>"; };
		139BCB6B21BDE0AF005A750A /* BookingPagesViewController.swift */ = {isa = PBXFileReference; lastKnownFileType = sourcecode.swift; path = BookingPagesViewController.swift; sourceTree = "<group>"; };
		13A7D28421C6F25F00F42193 /* Reachability.h */ = {isa = PBXFileReference; fileEncoding = 4; lastKnownFileType = sourcecode.c.h; path = Reachability.h; sourceTree = "<group>"; };
		13A7D28521C6F25F00F42193 /* Reachability.swift */ = {isa = PBXFileReference; fileEncoding = 4; lastKnownFileType = sourcecode.swift; path = Reachability.swift; sourceTree = "<group>"; };
		13CC782221C93FB90052E579 /* PortaleStudentiViewController.swift */ = {isa = PBXFileReference; lastKnownFileType = sourcecode.swift; path = PortaleStudentiViewController.swift; sourceTree = "<group>"; };
		13D3997C21CACF1300B023B8 /* DocsClass.swift */ = {isa = PBXFileReference; lastKnownFileType = sourcecode.swift; path = DocsClass.swift; sourceTree = "<group>"; };
		13D3997E21CAE1D000B023B8 /* DocumentsCollectionViewCell.swift */ = {isa = PBXFileReference; lastKnownFileType = sourcecode.swift; path = DocumentsCollectionViewCell.swift; sourceTree = "<group>"; };
		13D86DDA21B9A3BF007638FD /* ExtensionUIColor.swift */ = {isa = PBXFileReference; lastKnownFileType = sourcecode.swift; path = ExtensionUIColor.swift; sourceTree = "<group>"; };
		13E3A34621C140A6004BE8D8 /* NotifyCell.swift */ = {isa = PBXFileReference; lastKnownFileType = sourcecode.swift; path = NotifyCell.swift; sourceTree = "<group>"; };
		13E3A34921C1416E004BE8D8 /* NotifyTableDataSource.swift */ = {isa = PBXFileReference; lastKnownFileType = sourcecode.swift; path = NotifyTableDataSource.swift; sourceTree = "<group>"; };
		13E91D0421C7DB550007EF3E /* ManageCoursePageViewController.swift */ = {isa = PBXFileReference; lastKnownFileType = sourcecode.swift; path = ManageCoursePageViewController.swift; sourceTree = "<group>"; };
		13F8E3C121A9667200BBAD9B /* TeachingViewController.swift */ = {isa = PBXFileReference; lastKnownFileType = sourcecode.swift; path = TeachingViewController.swift; sourceTree = "<group>"; };
		13F8E3CB21A9887E00BBAD9B /* SWRevealViewController.m */ = {isa = PBXFileReference; lastKnownFileType = sourcecode.c.objc; path = SWRevealViewController.m; sourceTree = "<group>"; };
		13F8E3CE21A98A4000BBAD9B /* SWRevealViewController.h */ = {isa = PBXFileReference; lastKnownFileType = sourcecode.c.h; path = SWRevealViewController.h; sourceTree = "<group>"; };
		13F8E3D021A98C6900BBAD9B /* Studium-Bridging-Header.h */ = {isa = PBXFileReference; fileEncoding = 4; lastKnownFileType = sourcecode.c.h; path = "Studium-Bridging-Header.h"; sourceTree = "<group>"; };
		1CDF896A1C96AD896583B6F2 /* Pods_StudiumUITests.framework */ = {isa = PBXFileReference; explicitFileType = wrapper.framework; includeInIndex = 0; path = Pods_StudiumUITests.framework; sourceTree = BUILT_PRODUCTS_DIR; };
		5D66B128BEEFBD37FBF61C25 /* Pods-Studium.release.xcconfig */ = {isa = PBXFileReference; includeInIndex = 1; lastKnownFileType = text.xcconfig; name = "Pods-Studium.release.xcconfig"; path = "Pods/Target Support Files/Pods-Studium/Pods-Studium.release.xcconfig"; sourceTree = "<group>"; };
		680AF054BAE403BD03DB8DA1 /* Pods_StudiumTests.framework */ = {isa = PBXFileReference; explicitFileType = wrapper.framework; includeInIndex = 0; path = Pods_StudiumTests.framework; sourceTree = BUILT_PRODUCTS_DIR; };
		7802F022145F5DBC30D73AF1 /* Pods-Studium.debug.xcconfig */ = {isa = PBXFileReference; includeInIndex = 1; lastKnownFileType = text.xcconfig; name = "Pods-Studium.debug.xcconfig"; path = "Pods/Target Support Files/Pods-Studium/Pods-Studium.debug.xcconfig"; sourceTree = "<group>"; };
		7B2EB8B6FB4CA8EFFB172DA4 /* Pods-StudiumUITests.debug.xcconfig */ = {isa = PBXFileReference; includeInIndex = 1; lastKnownFileType = text.xcconfig; name = "Pods-StudiumUITests.debug.xcconfig"; path = "Pods/Target Support Files/Pods-StudiumUITests/Pods-StudiumUITests.debug.xcconfig"; sourceTree = "<group>"; };
		9C06A22621AB6BC500E695DB /* DepartmentTableViewCell.swift */ = {isa = PBXFileReference; lastKnownFileType = sourcecode.swift; path = DepartmentTableViewCell.swift; sourceTree = "<group>"; };
		9C06A22921AB700200E695DB /* DepartmentClass.swift */ = {isa = PBXFileReference; lastKnownFileType = sourcecode.swift; path = DepartmentClass.swift; sourceTree = "<group>"; };
		9C06A22B21AB707500E695DB /* CDLClass.swift */ = {isa = PBXFileReference; lastKnownFileType = sourcecode.swift; path = CDLClass.swift; sourceTree = "<group>"; };
		9C06CA8521C67ACF00FA09DB /* staticArrayCourses.swift */ = {isa = PBXFileReference; lastKnownFileType = sourcecode.swift; path = staticArrayCourses.swift; sourceTree = "<group>"; };
		9C07088D21C85C1100F7D296 /* CoursesTableViewCell.swift */ = {isa = PBXFileReference; lastKnownFileType = sourcecode.swift; path = CoursesTableViewCell.swift; sourceTree = "<group>"; };
		9C07088F21C8672800F7D296 /* BrowseAndSearchCourseTableViewCell.swift */ = {isa = PBXFileReference; lastKnownFileType = sourcecode.swift; path = BrowseAndSearchCourseTableViewCell.swift; sourceTree = "<group>"; };
		9C0E501A21C3F7CE0055C4DD /* ManageCourseViewController.swift */ = {isa = PBXFileReference; lastKnownFileType = sourcecode.swift; path = ManageCourseViewController.swift; sourceTree = "<group>"; };
		9C0E501C21C3F7F10055C4DD /* BrowseAndSearchCoursesViewController.swift */ = {isa = PBXFileReference; lastKnownFileType = sourcecode.swift; path = BrowseAndSearchCoursesViewController.swift; sourceTree = "<group>"; };
		9C454F1223016B070071F81F /* PswEncryption.swift */ = {isa = PBXFileReference; lastKnownFileType = sourcecode.swift; path = PswEncryption.swift; sourceTree = "<group>"; };
		9C454F1423016DA70071F81F /* Session.swift */ = {isa = PBXFileReference; lastKnownFileType = sourcecode.swift; path = Session.swift; sourceTree = "<group>"; };
		9C7ADB5422F31AF7009651FB /* BackendAPI.swift */ = {isa = PBXFileReference; lastKnownFileType = sourcecode.swift; path = BackendAPI.swift; sourceTree = "<group>"; };
		9CC86E3E22C0EC0F007567B1 /* WebKit.framework */ = {isa = PBXFileReference; lastKnownFileType = wrapper.framework; name = WebKit.framework; path = System/Library/Frameworks/WebKit.framework; sourceTree = SDKROOT; };
		9CFE72C021B9508E001EB697 /* CDLTableViewCell.swift */ = {isa = PBXFileReference; lastKnownFileType = sourcecode.swift; path = CDLTableViewCell.swift; sourceTree = "<group>"; };
		9CFE72C221B95206001EB697 /* TeachingClass.swift */ = {isa = PBXFileReference; lastKnownFileType = sourcecode.swift; path = TeachingClass.swift; sourceTree = "<group>"; };
		9CFE72C421B95331001EB697 /* HomeTableSectionClass.swift */ = {isa = PBXFileReference; lastKnownFileType = sourcecode.swift; path = HomeTableSectionClass.swift; sourceTree = "<group>"; };
		9CFE72C921BA9814001EB697 /* CoursesViewController.swift */ = {isa = PBXFileReference; lastKnownFileType = sourcecode.swift; path = CoursesViewController.swift; sourceTree = "<group>"; };
		9CFE9D6F21A8ADBC0030AE33 /* Studium.app */ = {isa = PBXFileReference; explicitFileType = wrapper.application; includeInIndex = 0; path = Studium.app; sourceTree = BUILT_PRODUCTS_DIR; };
		9CFE9D7221A8ADBC0030AE33 /* AppDelegate.swift */ = {isa = PBXFileReference; lastKnownFileType = sourcecode.swift; path = AppDelegate.swift; sourceTree = "<group>"; };
		9CFE9D7721A8ADBC0030AE33 /* Base */ = {isa = PBXFileReference; lastKnownFileType = file.storyboard; name = Base; path = Base.lproj/Main.storyboard; sourceTree = "<group>"; };
		9CFE9D7A21A8ADBC0030AE33 /* Studium.xcdatamodel */ = {isa = PBXFileReference; lastKnownFileType = wrapper.xcdatamodel; path = Studium.xcdatamodel; sourceTree = "<group>"; };
		9CFE9D7C21A8ADBE0030AE33 /* Assets.xcassets */ = {isa = PBXFileReference; lastKnownFileType = folder.assetcatalog; path = Assets.xcassets; sourceTree = "<group>"; };
		9CFE9D7F21A8ADBE0030AE33 /* Base */ = {isa = PBXFileReference; lastKnownFileType = file.storyboard; name = Base; path = Base.lproj/LaunchScreen.storyboard; sourceTree = "<group>"; };
		9CFE9D8121A8ADBE0030AE33 /* Info.plist */ = {isa = PBXFileReference; lastKnownFileType = text.plist.xml; path = Info.plist; sourceTree = "<group>"; };
		9CFE9D8621A8ADBE0030AE33 /* StudiumTests.xctest */ = {isa = PBXFileReference; explicitFileType = wrapper.cfbundle; includeInIndex = 0; path = StudiumTests.xctest; sourceTree = BUILT_PRODUCTS_DIR; };
		9CFE9D8A21A8ADBE0030AE33 /* StudiumTests.swift */ = {isa = PBXFileReference; lastKnownFileType = sourcecode.swift; path = StudiumTests.swift; sourceTree = "<group>"; };
		9CFE9D8C21A8ADBE0030AE33 /* Info.plist */ = {isa = PBXFileReference; lastKnownFileType = text.plist.xml; path = Info.plist; sourceTree = "<group>"; };
		9CFE9D9121A8ADBE0030AE33 /* StudiumUITests.xctest */ = {isa = PBXFileReference; explicitFileType = wrapper.cfbundle; includeInIndex = 0; path = StudiumUITests.xctest; sourceTree = BUILT_PRODUCTS_DIR; };
		9CFE9D9521A8ADBE0030AE33 /* StudiumUITests.swift */ = {isa = PBXFileReference; lastKnownFileType = sourcecode.swift; path = StudiumUITests.swift; sourceTree = "<group>"; };
		9CFE9D9721A8ADBE0030AE33 /* Info.plist */ = {isa = PBXFileReference; lastKnownFileType = text.plist.xml; path = Info.plist; sourceTree = "<group>"; };
		9CFE9DA421A8AE960030AE33 /* LoginViewController.swift */ = {isa = PBXFileReference; lastKnownFileType = sourcecode.swift; path = LoginViewController.swift; sourceTree = "<group>"; };
		9CFE9DA721A8BBEE0030AE33 /* MenuTableViewController.swift */ = {isa = PBXFileReference; lastKnownFileType = sourcecode.swift; path = MenuTableViewController.swift; sourceTree = "<group>"; };
		9CFE9DAA21A8BC6B0030AE33 /* HomeViewController.swift */ = {isa = PBXFileReference; lastKnownFileType = sourcecode.swift; path = HomeViewController.swift; sourceTree = "<group>"; };
		9CFE9DAE21A8BC8F0030AE33 /* ProfileViewController.swift */ = {isa = PBXFileReference; lastKnownFileType = sourcecode.swift; path = ProfileViewController.swift; sourceTree = "<group>"; };
		9CFE9DB021A8BC9A0030AE33 /* DocumentsViewController.swift */ = {isa = PBXFileReference; lastKnownFileType = sourcecode.swift; path = DocumentsViewController.swift; sourceTree = "<group>"; };
		ACC89C62786E9836B037027E /* Pods_Studium.framework */ = {isa = PBXFileReference; explicitFileType = wrapper.framework; includeInIndex = 0; path = Pods_Studium.framework; sourceTree = BUILT_PRODUCTS_DIR; };
		D1518B2E0B085F4758918CFA /* Pods-StudiumTests.debug.xcconfig */ = {isa = PBXFileReference; includeInIndex = 1; lastKnownFileType = text.xcconfig; name = "Pods-StudiumTests.debug.xcconfig"; path = "Pods/Target Support Files/Pods-StudiumTests/Pods-StudiumTests.debug.xcconfig"; sourceTree = "<group>"; };
/* End PBXFileReference section */

/* Begin PBXFrameworksBuildPhase section */
		9CFE9D6C21A8ADBC0030AE33 /* Frameworks */ = {
			isa = PBXFrameworksBuildPhase;
			buildActionMask = 2147483647;
			files = (
				9CC86E3F22C0EC0F007567B1 /* WebKit.framework in Frameworks */,
				F1B1CA9919349ED5CFE1C280 /* Pods_Studium.framework in Frameworks */,
			);
			runOnlyForDeploymentPostprocessing = 0;
		};
		9CFE9D8321A8ADBE0030AE33 /* Frameworks */ = {
			isa = PBXFrameworksBuildPhase;
			buildActionMask = 2147483647;
			files = (
				DCDCA30A0259D09056ED34DE /* Pods_StudiumTests.framework in Frameworks */,
			);
			runOnlyForDeploymentPostprocessing = 0;
		};
		9CFE9D8E21A8ADBE0030AE33 /* Frameworks */ = {
			isa = PBXFrameworksBuildPhase;
			buildActionMask = 2147483647;
			files = (
				2759E77776A5A5155B4E2176 /* Pods_StudiumUITests.framework in Frameworks */,
			);
			runOnlyForDeploymentPostprocessing = 0;
		};
/* End PBXFrameworksBuildPhase section */

/* Begin PBXGroup section */
		1319EEC021BDE2B700CF586A /* PagesViewController */ = {
			isa = PBXGroup;
			children = (
				139BCB6321BDDC71005A750A /* ShowcasePageViewController.swift */,
				13E3A34521C1407D004BE8D8 /* NotifyPageViewController */,
				138E6E2721C458830000A747 /* SyllabusPageViewController.swift */,
				139BCB6721BDE034005A750A /* DescriptionPageViewController.swift */,
				139BCB6921BDE057005A750A /* DocumentsPagesViewController.swift */,
				139BCB6B21BDE0AF005A750A /* BookingPagesViewController.swift */,
			);
			path = PagesViewController;
			sourceTree = "<group>";
		};
		1364997B21BA7548008C5345 /* Extensions */ = {
			isa = PBXGroup;
			children = (
				135D120E21B8092200DA9C69 /* ExtensionCALayer.swift */,
				13D86DDA21B9A3BF007638FD /* ExtensionUIColor.swift */,
			);
			path = Extensions;
			sourceTree = "<group>";
		};
		13A7D28721C6F26C00F42193 /* Reachability */ = {
			isa = PBXGroup;
			children = (
				13A7D28421C6F25F00F42193 /* Reachability.h */,
				13A7D28521C6F25F00F42193 /* Reachability.swift */,
			);
			path = Reachability;
			sourceTree = "<group>";
		};
		13CC782421C93FBE0052E579 /* PortaleStudentiViewController */ = {
			isa = PBXGroup;
			children = (
				13CC782221C93FB90052E579 /* PortaleStudentiViewController.swift */,
			);
			path = PortaleStudentiViewController;
			sourceTree = "<group>";
		};
		13E3A34521C1407D004BE8D8 /* NotifyPageViewController */ = {
			isa = PBXGroup;
			children = (
				13E3A34821C14159004BE8D8 /* DataSource */,
				139BCB6521BDDFD5005A750A /* NotifyPageViewController.swift */,
				13E3A34621C140A6004BE8D8 /* NotifyCell.swift */,
			);
			path = NotifyPageViewController;
			sourceTree = "<group>";
		};
		13E3A34821C14159004BE8D8 /* DataSource */ = {
			isa = PBXGroup;
			children = (
				13E3A34921C1416E004BE8D8 /* NotifyTableDataSource.swift */,
			);
			path = DataSource;
			sourceTree = "<group>";
		};
		13F8E3C321A9668600BBAD9B /* TeachingViewController */ = {
			isa = PBXGroup;
			children = (
				13F8E3C121A9667200BBAD9B /* TeachingViewController.swift */,
				1319EEC021BDE2B700CF586A /* PagesViewController */,
			);
			path = TeachingViewController;
			sourceTree = "<group>";
		};
		13F8E3C821A9885B00BBAD9B /* SWRevealViewController */ = {
			isa = PBXGroup;
			children = (
				13F8E3CE21A98A4000BBAD9B /* SWRevealViewController.h */,
				13F8E3CB21A9887E00BBAD9B /* SWRevealViewController.m */,
			);
			path = SWRevealViewController;
			sourceTree = "<group>";
		};
		3116D69C2086EA685ADD33FE /* Frameworks */ = {
			isa = PBXGroup;
			children = (
				9CC86E3E22C0EC0F007567B1 /* WebKit.framework */,
				ACC89C62786E9836B037027E /* Pods_Studium.framework */,
				680AF054BAE403BD03DB8DA1 /* Pods_StudiumTests.framework */,
				1CDF896A1C96AD896583B6F2 /* Pods_StudiumUITests.framework */,
			);
			name = Frameworks;
			sourceTree = "<group>";
		};
		9C06A22521AB6B8A00E695DB /* HomeViewController */ = {
			isa = PBXGroup;
			children = (
				9CFE9DAA21A8BC6B0030AE33 /* HomeViewController.swift */,
				9C06A22621AB6BC500E695DB /* DepartmentTableViewCell.swift */,
				9CFE72C021B9508E001EB697 /* CDLTableViewCell.swift */,
			);
			path = HomeViewController;
			sourceTree = "<group>";
		};
		9C06A22821AB6FE900E695DB /* CustomClasses */ = {
			isa = PBXGroup;
			children = (
				9C06A22921AB700200E695DB /* DepartmentClass.swift */,
				1311D89A21BBE82E00A09499 /* StudentClass.swift */,
				9C06A22B21AB707500E695DB /* CDLClass.swift */,
				9CFE72C221B95206001EB697 /* TeachingClass.swift */,
				9CFE72C421B95331001EB697 /* HomeTableSectionClass.swift */,
				13D3997C21CACF1300B023B8 /* DocsClass.swift */,
				13D3997E21CAE1D000B023B8 /* DocumentsCollectionViewCell.swift */,
				1380ED502302F2440063F79F /* DocumentBrowserViewController.swift */,
			);
			path = CustomClasses;
			sourceTree = "<group>";
		};
		9C07EF3721C6ED4D00C4836B /* sharedResources */ = {
			isa = PBXGroup;
			children = (
				9C06CA8521C67ACF00FA09DB /* staticArrayCourses.swift */,
			);
			path = sharedResources;
			sourceTree = "<group>";
		};
		9C0E501921C3F7AA0055C4DD /* ManageCourseViewController */ = {
			isa = PBXGroup;
			children = (
				13E91D0421C7DB550007EF3E /* ManageCoursePageViewController.swift */,
				9C0E501A21C3F7CE0055C4DD /* ManageCourseViewController.swift */,
				9C0E501C21C3F7F10055C4DD /* BrowseAndSearchCoursesViewController.swift */,
				9C07088F21C8672800F7D296 /* BrowseAndSearchCourseTableViewCell.swift */,
			);
			path = ManageCourseViewController;
			sourceTree = "<group>";
		};
		9C7ADB5322F31AC0009651FB /* Back-end-Adapter */ = {
			isa = PBXGroup;
			children = (
				9C7ADB5422F31AF7009651FB /* BackendAPI.swift */,
				9C454F1223016B070071F81F /* PswEncryption.swift */,
				9C454F1423016DA70071F81F /* Session.swift */,
			);
			path = "Back-end-Adapter";
			sourceTree = "<group>";
		};
		9CFE72C821BA97FA001EB697 /* CoursesViewController */ = {
			isa = PBXGroup;
			children = (
				9CFE72C921BA9814001EB697 /* CoursesViewController.swift */,
			);
			path = CoursesViewController;
			sourceTree = "<group>";
		};
		9CFE9D6621A8ADBC0030AE33 = {
			isa = PBXGroup;
			children = (
				9CFE9D7121A8ADBC0030AE33 /* Studium */,
				9CFE9D8921A8ADBE0030AE33 /* StudiumTests */,
				9CFE9D9421A8ADBE0030AE33 /* StudiumUITests */,
				9CFE9D7021A8ADBC0030AE33 /* Products */,
				D87D6B37575295D3DF883508 /* Pods */,
				3116D69C2086EA685ADD33FE /* Frameworks */,
			);
			sourceTree = "<group>";
		};
		9CFE9D7021A8ADBC0030AE33 /* Products */ = {
			isa = PBXGroup;
			children = (
				9CFE9D6F21A8ADBC0030AE33 /* Studium.app */,
				9CFE9D8621A8ADBE0030AE33 /* StudiumTests.xctest */,
				9CFE9D9121A8ADBE0030AE33 /* StudiumUITests.xctest */,
			);
			name = Products;
			sourceTree = "<group>";
		};
		9CFE9D7121A8ADBC0030AE33 /* Studium */ = {
			isa = PBXGroup;
			children = (
				9C7ADB5322F31AC0009651FB /* Back-end-Adapter */,
				9C06A22821AB6FE900E695DB /* CustomClasses */,
				9CFE9D7221A8ADBC0030AE33 /* AppDelegate.swift */,
				9CFE9D7C21A8ADBE0030AE33 /* Assets.xcassets */,
				13F8E3C321A9668600BBAD9B /* TeachingViewController */,
				9CFE9DA321A8AE6A0030AE33 /* MainViewControllers */,
				9CFE9D7E21A8ADBE0030AE33 /* LaunchScreen.storyboard */,
				9CFE9D7621A8ADBC0030AE33 /* Main.storyboard */,
				9CFE9D8121A8ADBE0030AE33 /* Info.plist */,
				9CFE9D7921A8ADBC0030AE33 /* Studium.xcdatamodeld */,
				13F8E3D021A98C6900BBAD9B /* Studium-Bridging-Header.h */,
				13A7D28721C6F26C00F42193 /* Reachability */,
				13F8E3C821A9885B00BBAD9B /* SWRevealViewController */,
				1364997B21BA7548008C5345 /* Extensions */,
			);
			path = Studium;
			sourceTree = "<group>";
		};
		9CFE9D8921A8ADBE0030AE33 /* StudiumTests */ = {
			isa = PBXGroup;
			children = (
				9CFE9D8A21A8ADBE0030AE33 /* StudiumTests.swift */,
				9CFE9D8C21A8ADBE0030AE33 /* Info.plist */,
			);
			path = StudiumTests;
			sourceTree = "<group>";
		};
		9CFE9D9421A8ADBE0030AE33 /* StudiumUITests */ = {
			isa = PBXGroup;
			children = (
				9CFE9D9521A8ADBE0030AE33 /* StudiumUITests.swift */,
				9CFE9D9721A8ADBE0030AE33 /* Info.plist */,
			);
			path = StudiumUITests;
			sourceTree = "<group>";
		};
		9CFE9DA321A8AE6A0030AE33 /* MainViewControllers */ = {
			isa = PBXGroup;
			children = (
				9CFE9DA421A8AE960030AE33 /* LoginViewController.swift */,
				9CFE9DA621A8BBD10030AE33 /* Menu */,
			);
			path = MainViewControllers;
			sourceTree = "<group>";
		};
		9CFE9DA621A8BBD10030AE33 /* Menu */ = {
			isa = PBXGroup;
			children = (
				9C07EF3721C6ED4D00C4836B /* sharedResources */,
				9CFE9DA721A8BBEE0030AE33 /* MenuTableViewController.swift */,
				9C07088D21C85C1100F7D296 /* CoursesTableViewCell.swift */,
				9CFE9DA921A8BC260030AE33 /* MainMenuViewControllers */,
			);
			path = Menu;
			sourceTree = "<group>";
		};
		9CFE9DA921A8BC260030AE33 /* MainMenuViewControllers */ = {
			isa = PBXGroup;
			children = (
				9C0E501921C3F7AA0055C4DD /* ManageCourseViewController */,
				9C06A22521AB6B8A00E695DB /* HomeViewController */,
				9CFEB89B21BAA5AA0045FB54 /* DocumentsViewController */,
				9CFEB89A21BAA59B0045FB54 /* ProfileViewController */,
				9CFE72C821BA97FA001EB697 /* CoursesViewController */,
				13CC782421C93FBE0052E579 /* PortaleStudentiViewController */,
			);
			path = MainMenuViewControllers;
			sourceTree = "<group>";
		};
		9CFEB89A21BAA59B0045FB54 /* ProfileViewController */ = {
			isa = PBXGroup;
			children = (
				9CFE9DAE21A8BC8F0030AE33 /* ProfileViewController.swift */,
			);
			path = ProfileViewController;
			sourceTree = "<group>";
		};
		9CFEB89B21BAA5AA0045FB54 /* DocumentsViewController */ = {
			isa = PBXGroup;
			children = (
				9CFE9DB021A8BC9A0030AE33 /* DocumentsViewController.swift */,
			);
			path = DocumentsViewController;
			sourceTree = "<group>";
		};
		D87D6B37575295D3DF883508 /* Pods */ = {
			isa = PBXGroup;
			children = (
				7802F022145F5DBC30D73AF1 /* Pods-Studium.debug.xcconfig */,
				5D66B128BEEFBD37FBF61C25 /* Pods-Studium.release.xcconfig */,
				D1518B2E0B085F4758918CFA /* Pods-StudiumTests.debug.xcconfig */,
				0D0D5F6926FC3A70A81E131D /* Pods-StudiumTests.release.xcconfig */,
				7B2EB8B6FB4CA8EFFB172DA4 /* Pods-StudiumUITests.debug.xcconfig */,
				0E83DFE790C0A80B2F43811B /* Pods-StudiumUITests.release.xcconfig */,
			);
			name = Pods;
			sourceTree = "<group>";
		};
/* End PBXGroup section */

/* Begin PBXNativeTarget section */
		9CFE9D6E21A8ADBC0030AE33 /* Studium */ = {
			isa = PBXNativeTarget;
			buildConfigurationList = 9CFE9D9A21A8ADBE0030AE33 /* Build configuration list for PBXNativeTarget "Studium" */;
			buildPhases = (
				7AE56DA560AF9174F5CFED55 /* [CP] Check Pods Manifest.lock */,
				9CFE9D6B21A8ADBC0030AE33 /* Sources */,
				9CFE9D6C21A8ADBC0030AE33 /* Frameworks */,
				9CFE9D6D21A8ADBC0030AE33 /* Resources */,
				50EFBB571D73FFA8C041E609 /* [CP] Embed Pods Frameworks */,
			);
			buildRules = (
			);
			dependencies = (
			);
			name = Studium;
			productName = Studium;
			productReference = 9CFE9D6F21A8ADBC0030AE33 /* Studium.app */;
			productType = "com.apple.product-type.application";
		};
		9CFE9D8521A8ADBE0030AE33 /* StudiumTests */ = {
			isa = PBXNativeTarget;
			buildConfigurationList = 9CFE9D9D21A8ADBE0030AE33 /* Build configuration list for PBXNativeTarget "StudiumTests" */;
			buildPhases = (
				BA632DF959B842BC62F40972 /* [CP] Check Pods Manifest.lock */,
				9CFE9D8221A8ADBE0030AE33 /* Sources */,
				9CFE9D8321A8ADBE0030AE33 /* Frameworks */,
				9CFE9D8421A8ADBE0030AE33 /* Resources */,
			);
			buildRules = (
			);
			dependencies = (
				9CFE9D8821A8ADBE0030AE33 /* PBXTargetDependency */,
			);
			name = StudiumTests;
			productName = StudiumTests;
			productReference = 9CFE9D8621A8ADBE0030AE33 /* StudiumTests.xctest */;
			productType = "com.apple.product-type.bundle.unit-test";
		};
		9CFE9D9021A8ADBE0030AE33 /* StudiumUITests */ = {
			isa = PBXNativeTarget;
			buildConfigurationList = 9CFE9DA021A8ADBE0030AE33 /* Build configuration list for PBXNativeTarget "StudiumUITests" */;
			buildPhases = (
				E03A00193EF8B8C0C099CCE1 /* [CP] Check Pods Manifest.lock */,
				9CFE9D8D21A8ADBE0030AE33 /* Sources */,
				9CFE9D8E21A8ADBE0030AE33 /* Frameworks */,
				9CFE9D8F21A8ADBE0030AE33 /* Resources */,
			);
			buildRules = (
			);
			dependencies = (
				9CFE9D9321A8ADBE0030AE33 /* PBXTargetDependency */,
			);
			name = StudiumUITests;
			productName = StudiumUITests;
			productReference = 9CFE9D9121A8ADBE0030AE33 /* StudiumUITests.xctest */;
			productType = "com.apple.product-type.bundle.ui-testing";
		};
/* End PBXNativeTarget section */

/* Begin PBXProject section */
		9CFE9D6721A8ADBC0030AE33 /* Project object */ = {
			isa = PBXProject;
			attributes = {
				LastSwiftUpdateCheck = 1010;
				LastUpgradeCheck = 1010;
				ORGANIZATIONNAME = Unict.it;
				TargetAttributes = {
					9CFE9D6E21A8ADBC0030AE33 = {
						CreatedOnToolsVersion = 10.1;
						LastSwiftMigration = 1000;
					};
					9CFE9D8521A8ADBE0030AE33 = {
						CreatedOnToolsVersion = 10.1;
						TestTargetID = 9CFE9D6E21A8ADBC0030AE33;
					};
					9CFE9D9021A8ADBE0030AE33 = {
						CreatedOnToolsVersion = 10.1;
						TestTargetID = 9CFE9D6E21A8ADBC0030AE33;
					};
				};
			};
			buildConfigurationList = 9CFE9D6A21A8ADBC0030AE33 /* Build configuration list for PBXProject "Studium" */;
			compatibilityVersion = "Xcode 9.3";
			developmentRegion = en;
			hasScannedForEncodings = 0;
			knownRegions = (
				en,
				Base,
			);
			mainGroup = 9CFE9D6621A8ADBC0030AE33;
			productRefGroup = 9CFE9D7021A8ADBC0030AE33 /* Products */;
			projectDirPath = "";
			projectRoot = "";
			targets = (
				9CFE9D6E21A8ADBC0030AE33 /* Studium */,
				9CFE9D8521A8ADBE0030AE33 /* StudiumTests */,
				9CFE9D9021A8ADBE0030AE33 /* StudiumUITests */,
			);
		};
/* End PBXProject section */

/* Begin PBXResourcesBuildPhase section */
		9CFE9D6D21A8ADBC0030AE33 /* Resources */ = {
			isa = PBXResourcesBuildPhase;
			buildActionMask = 2147483647;
			files = (
				9CFE9D8021A8ADBE0030AE33 /* LaunchScreen.storyboard in Resources */,
				9CFE9D7D21A8ADBE0030AE33 /* Assets.xcassets in Resources */,
				9CFE9D7821A8ADBC0030AE33 /* Main.storyboard in Resources */,
			);
			runOnlyForDeploymentPostprocessing = 0;
		};
		9CFE9D8421A8ADBE0030AE33 /* Resources */ = {
			isa = PBXResourcesBuildPhase;
			buildActionMask = 2147483647;
			files = (
			);
			runOnlyForDeploymentPostprocessing = 0;
		};
		9CFE9D8F21A8ADBE0030AE33 /* Resources */ = {
			isa = PBXResourcesBuildPhase;
			buildActionMask = 2147483647;
			files = (
			);
			runOnlyForDeploymentPostprocessing = 0;
		};
/* End PBXResourcesBuildPhase section */

/* Begin PBXShellScriptBuildPhase section */
		50EFBB571D73FFA8C041E609 /* [CP] Embed Pods Frameworks */ = {
			isa = PBXShellScriptBuildPhase;
			buildActionMask = 2147483647;
			files = (
			);
			inputPaths = (
				"${SRCROOT}/Pods/Target Support Files/Pods-Studium/Pods-Studium-frameworks.sh",
				"${BUILT_PRODUCTS_DIR}/SWRevealViewController/SWRevealViewController.framework",
			);
			name = "[CP] Embed Pods Frameworks";
			outputPaths = (
				"${TARGET_BUILD_DIR}/${FRAMEWORKS_FOLDER_PATH}/SWRevealViewController.framework",
			);
			runOnlyForDeploymentPostprocessing = 0;
			shellPath = /bin/sh;
			shellScript = "\"${SRCROOT}/Pods/Target Support Files/Pods-Studium/Pods-Studium-frameworks.sh\"\n";
			showEnvVarsInLog = 0;
		};
		7AE56DA560AF9174F5CFED55 /* [CP] Check Pods Manifest.lock */ = {
			isa = PBXShellScriptBuildPhase;
			buildActionMask = 2147483647;
			files = (
			);
			inputPaths = (
				"${PODS_PODFILE_DIR_PATH}/Podfile.lock",
				"${PODS_ROOT}/Manifest.lock",
			);
			name = "[CP] Check Pods Manifest.lock";
			outputPaths = (
				"$(DERIVED_FILE_DIR)/Pods-Studium-checkManifestLockResult.txt",
			);
			runOnlyForDeploymentPostprocessing = 0;
			shellPath = /bin/sh;
			shellScript = "diff \"${PODS_PODFILE_DIR_PATH}/Podfile.lock\" \"${PODS_ROOT}/Manifest.lock\" > /dev/null\nif [ $? != 0 ] ; then\n    # print error to STDERR\n    echo \"error: The sandbox is not in sync with the Podfile.lock. Run 'pod install' or update your CocoaPods installation.\" >&2\n    exit 1\nfi\n# This output is used by Xcode 'outputs' to avoid re-running this script phase.\necho \"SUCCESS\" > \"${SCRIPT_OUTPUT_FILE_0}\"\n";
			showEnvVarsInLog = 0;
		};
		BA632DF959B842BC62F40972 /* [CP] Check Pods Manifest.lock */ = {
			isa = PBXShellScriptBuildPhase;
			buildActionMask = 2147483647;
			files = (
			);
			inputPaths = (
				"${PODS_PODFILE_DIR_PATH}/Podfile.lock",
				"${PODS_ROOT}/Manifest.lock",
			);
			name = "[CP] Check Pods Manifest.lock";
			outputPaths = (
				"$(DERIVED_FILE_DIR)/Pods-StudiumTests-checkManifestLockResult.txt",
			);
			runOnlyForDeploymentPostprocessing = 0;
			shellPath = /bin/sh;
			shellScript = "diff \"${PODS_PODFILE_DIR_PATH}/Podfile.lock\" \"${PODS_ROOT}/Manifest.lock\" > /dev/null\nif [ $? != 0 ] ; then\n    # print error to STDERR\n    echo \"error: The sandbox is not in sync with the Podfile.lock. Run 'pod install' or update your CocoaPods installation.\" >&2\n    exit 1\nfi\n# This output is used by Xcode 'outputs' to avoid re-running this script phase.\necho \"SUCCESS\" > \"${SCRIPT_OUTPUT_FILE_0}\"\n";
			showEnvVarsInLog = 0;
		};
		E03A00193EF8B8C0C099CCE1 /* [CP] Check Pods Manifest.lock */ = {
			isa = PBXShellScriptBuildPhase;
			buildActionMask = 2147483647;
			files = (
			);
			inputPaths = (
				"${PODS_PODFILE_DIR_PATH}/Podfile.lock",
				"${PODS_ROOT}/Manifest.lock",
			);
			name = "[CP] Check Pods Manifest.lock";
			outputPaths = (
				"$(DERIVED_FILE_DIR)/Pods-StudiumUITests-checkManifestLockResult.txt",
			);
			runOnlyForDeploymentPostprocessing = 0;
			shellPath = /bin/sh;
			shellScript = "diff \"${PODS_PODFILE_DIR_PATH}/Podfile.lock\" \"${PODS_ROOT}/Manifest.lock\" > /dev/null\nif [ $? != 0 ] ; then\n    # print error to STDERR\n    echo \"error: The sandbox is not in sync with the Podfile.lock. Run 'pod install' or update your CocoaPods installation.\" >&2\n    exit 1\nfi\n# This output is used by Xcode 'outputs' to avoid re-running this script phase.\necho \"SUCCESS\" > \"${SCRIPT_OUTPUT_FILE_0}\"\n";
			showEnvVarsInLog = 0;
		};
/* End PBXShellScriptBuildPhase section */

/* Begin PBXSourcesBuildPhase section */
		9CFE9D6B21A8ADBC0030AE33 /* Sources */ = {
			isa = PBXSourcesBuildPhase;
			buildActionMask = 2147483647;
			files = (
				9CFE9DAB21A8BC6B0030AE33 /* HomeViewController.swift in Sources */,
				13D3997D21CACF1300B023B8 /* DocsClass.swift in Sources */,
				139BCB6621BDDFD5005A750A /* NotifyPageViewController.swift in Sources */,
				13D3997F21CAE1D000B023B8 /* DocumentsCollectionViewCell.swift in Sources */,
				138E6E2821C458830000A747 /* SyllabusPageViewController.swift in Sources */,
				139BCB6421BDDC71005A750A /* ShowcasePageViewController.swift in Sources */,
				135D120F21B8092200DA9C69 /* ExtensionCALayer.swift in Sources */,
				9C06CA8621C67ACF00FA09DB /* staticArrayCourses.swift in Sources */,
				9CFE9DB121A8BC9A0030AE33 /* DocumentsViewController.swift in Sources */,
				9CFE9DA821A8BBEE0030AE33 /* MenuTableViewController.swift in Sources */,
				9CFE72CA21BA9814001EB697 /* CoursesViewController.swift in Sources */,
				9C06A22C21AB707500E695DB /* CDLClass.swift in Sources */,
				13F8E3C221A9667200BBAD9B /* TeachingViewController.swift in Sources */,
				139BCB6A21BDE057005A750A /* DocumentsPagesViewController.swift in Sources */,
				13CC782321C93FB90052E579 /* PortaleStudentiViewController.swift in Sources */,
				9C07089021C8672800F7D296 /* BrowseAndSearchCourseTableViewCell.swift in Sources */,
				9CFE9DA521A8AE960030AE33 /* LoginViewController.swift in Sources */,
				9C7ADB5522F31AF7009651FB /* BackendAPI.swift in Sources */,
				139BCB6C21BDE0AF005A750A /* BookingPagesViewController.swift in Sources */,
				9C454F1523016DA70071F81F /* Session.swift in Sources */,
				13E3A34721C140A6004BE8D8 /* NotifyCell.swift in Sources */,
				1311D89B21BBE82E00A09499 /* StudentClass.swift in Sources */,
				9CFE72C521B95331001EB697 /* HomeTableSectionClass.swift in Sources */,
				13A7D28621C6F25F00F42193 /* Reachability.swift in Sources */,
				9CFE9D7B21A8ADBC0030AE33 /* Studium.xcdatamodeld in Sources */,
				9CFE9DAF21A8BC8F0030AE33 /* ProfileViewController.swift in Sources */,
				9CFE72C321B95206001EB697 /* TeachingClass.swift in Sources */,
				139BCB6821BDE034005A750A /* DescriptionPageViewController.swift in Sources */,
				9C0E501D21C3F7F10055C4DD /* BrowseAndSearchCoursesViewController.swift in Sources */,
				13D86DDB21B9A3BF007638FD /* ExtensionUIColor.swift in Sources */,
				9C0E501B21C3F7CE0055C4DD /* ManageCourseViewController.swift in Sources */,
				9C06A22721AB6BC500E695DB /* DepartmentTableViewCell.swift in Sources */,
				1380ED512302F2440063F79F /* DocumentBrowserViewController.swift in Sources */,
				9CFE9D7321A8ADBC0030AE33 /* AppDelegate.swift in Sources */,
				9CFE72C121B9508E001EB697 /* CDLTableViewCell.swift in Sources */,
				9C07088E21C85C1100F7D296 /* CoursesTableViewCell.swift in Sources */,
				9C454F1323016B070071F81F /* PswEncryption.swift in Sources */,
				13E91D0521C7DB550007EF3E /* ManageCoursePageViewController.swift in Sources */,
				13E3A34A21C1416E004BE8D8 /* NotifyTableDataSource.swift in Sources */,
				9C06A22A21AB700200E695DB /* DepartmentClass.swift in Sources */,
			);
			runOnlyForDeploymentPostprocessing = 0;
		};
		9CFE9D8221A8ADBE0030AE33 /* Sources */ = {
			isa = PBXSourcesBuildPhase;
			buildActionMask = 2147483647;
			files = (
				9CFE9D8B21A8ADBE0030AE33 /* StudiumTests.swift in Sources */,
			);
			runOnlyForDeploymentPostprocessing = 0;
		};
		9CFE9D8D21A8ADBE0030AE33 /* Sources */ = {
			isa = PBXSourcesBuildPhase;
			buildActionMask = 2147483647;
			files = (
				9CFE9D9621A8ADBE0030AE33 /* StudiumUITests.swift in Sources */,
			);
			runOnlyForDeploymentPostprocessing = 0;
		};
/* End PBXSourcesBuildPhase section */

/* Begin PBXTargetDependency section */
		9CFE9D8821A8ADBE0030AE33 /* PBXTargetDependency */ = {
			isa = PBXTargetDependency;
			target = 9CFE9D6E21A8ADBC0030AE33 /* Studium */;
			targetProxy = 9CFE9D8721A8ADBE0030AE33 /* PBXContainerItemProxy */;
		};
		9CFE9D9321A8ADBE0030AE33 /* PBXTargetDependency */ = {
			isa = PBXTargetDependency;
			target = 9CFE9D6E21A8ADBC0030AE33 /* Studium */;
			targetProxy = 9CFE9D9221A8ADBE0030AE33 /* PBXContainerItemProxy */;
		};
/* End PBXTargetDependency section */

/* Begin PBXVariantGroup section */
		9CFE9D7621A8ADBC0030AE33 /* Main.storyboard */ = {
			isa = PBXVariantGroup;
			children = (
				9CFE9D7721A8ADBC0030AE33 /* Base */,
			);
			name = Main.storyboard;
			sourceTree = "<group>";
		};
		9CFE9D7E21A8ADBE0030AE33 /* LaunchScreen.storyboard */ = {
			isa = PBXVariantGroup;
			children = (
				9CFE9D7F21A8ADBE0030AE33 /* Base */,
			);
			name = LaunchScreen.storyboard;
			sourceTree = "<group>";
		};
/* End PBXVariantGroup section */

/* Begin XCBuildConfiguration section */
		9CFE9D9821A8ADBE0030AE33 /* Debug */ = {
			isa = XCBuildConfiguration;
			buildSettings = {
				ALWAYS_SEARCH_USER_PATHS = NO;
				CLANG_ANALYZER_NONNULL = YES;
				CLANG_ANALYZER_NUMBER_OBJECT_CONVERSION = YES_AGGRESSIVE;
				CLANG_CXX_LANGUAGE_STANDARD = "gnu++14";
				CLANG_CXX_LIBRARY = "libc++";
				CLANG_ENABLE_MODULES = YES;
				CLANG_ENABLE_OBJC_ARC = YES;
				CLANG_ENABLE_OBJC_WEAK = YES;
				CLANG_WARN_BLOCK_CAPTURE_AUTORELEASING = YES;
				CLANG_WARN_BOOL_CONVERSION = YES;
				CLANG_WARN_COMMA = YES;
				CLANG_WARN_CONSTANT_CONVERSION = YES;
				CLANG_WARN_DEPRECATED_OBJC_IMPLEMENTATIONS = YES;
				CLANG_WARN_DIRECT_OBJC_ISA_USAGE = YES_ERROR;
				CLANG_WARN_DOCUMENTATION_COMMENTS = YES;
				CLANG_WARN_EMPTY_BODY = YES;
				CLANG_WARN_ENUM_CONVERSION = YES;
				CLANG_WARN_INFINITE_RECURSION = YES;
				CLANG_WARN_INT_CONVERSION = YES;
				CLANG_WARN_NON_LITERAL_NULL_CONVERSION = YES;
				CLANG_WARN_OBJC_IMPLICIT_RETAIN_SELF = YES;
				CLANG_WARN_OBJC_LITERAL_CONVERSION = YES;
				CLANG_WARN_OBJC_ROOT_CLASS = YES_ERROR;
				CLANG_WARN_RANGE_LOOP_ANALYSIS = YES;
				CLANG_WARN_STRICT_PROTOTYPES = YES;
				CLANG_WARN_SUSPICIOUS_MOVE = YES;
				CLANG_WARN_UNGUARDED_AVAILABILITY = YES_AGGRESSIVE;
				CLANG_WARN_UNREACHABLE_CODE = YES;
				CLANG_WARN__DUPLICATE_METHOD_MATCH = YES;
				CODE_SIGN_IDENTITY = "iPhone Developer";
				COPY_PHASE_STRIP = NO;
				DEBUG_INFORMATION_FORMAT = dwarf;
				ENABLE_STRICT_OBJC_MSGSEND = YES;
				ENABLE_TESTABILITY = YES;
				GCC_C_LANGUAGE_STANDARD = gnu11;
				GCC_DYNAMIC_NO_PIC = NO;
				GCC_NO_COMMON_BLOCKS = YES;
				GCC_OPTIMIZATION_LEVEL = 0;
				GCC_PREPROCESSOR_DEFINITIONS = (
					"DEBUG=1",
					"$(inherited)",
				);
				GCC_WARN_64_TO_32_BIT_CONVERSION = YES;
				GCC_WARN_ABOUT_RETURN_TYPE = YES_ERROR;
				GCC_WARN_UNDECLARED_SELECTOR = YES;
				GCC_WARN_UNINITIALIZED_AUTOS = YES_AGGRESSIVE;
				GCC_WARN_UNUSED_FUNCTION = YES;
				GCC_WARN_UNUSED_VARIABLE = YES;
				IPHONEOS_DEPLOYMENT_TARGET = 12.1;
				MTL_ENABLE_DEBUG_INFO = INCLUDE_SOURCE;
				MTL_FAST_MATH = YES;
				ONLY_ACTIVE_ARCH = YES;
				SDKROOT = iphoneos;
				SWIFT_ACTIVE_COMPILATION_CONDITIONS = DEBUG;
				SWIFT_OPTIMIZATION_LEVEL = "-Onone";
			};
			name = Debug;
		};
		9CFE9D9921A8ADBE0030AE33 /* Release */ = {
			isa = XCBuildConfiguration;
			buildSettings = {
				ALWAYS_SEARCH_USER_PATHS = NO;
				CLANG_ANALYZER_NONNULL = YES;
				CLANG_ANALYZER_NUMBER_OBJECT_CONVERSION = YES_AGGRESSIVE;
				CLANG_CXX_LANGUAGE_STANDARD = "gnu++14";
				CLANG_CXX_LIBRARY = "libc++";
				CLANG_ENABLE_MODULES = YES;
				CLANG_ENABLE_OBJC_ARC = YES;
				CLANG_ENABLE_OBJC_WEAK = YES;
				CLANG_WARN_BLOCK_CAPTURE_AUTORELEASING = YES;
				CLANG_WARN_BOOL_CONVERSION = YES;
				CLANG_WARN_COMMA = YES;
				CLANG_WARN_CONSTANT_CONVERSION = YES;
				CLANG_WARN_DEPRECATED_OBJC_IMPLEMENTATIONS = YES;
				CLANG_WARN_DIRECT_OBJC_ISA_USAGE = YES_ERROR;
				CLANG_WARN_DOCUMENTATION_COMMENTS = YES;
				CLANG_WARN_EMPTY_BODY = YES;
				CLANG_WARN_ENUM_CONVERSION = YES;
				CLANG_WARN_INFINITE_RECURSION = YES;
				CLANG_WARN_INT_CONVERSION = YES;
				CLANG_WARN_NON_LITERAL_NULL_CONVERSION = YES;
				CLANG_WARN_OBJC_IMPLICIT_RETAIN_SELF = YES;
				CLANG_WARN_OBJC_LITERAL_CONVERSION = YES;
				CLANG_WARN_OBJC_ROOT_CLASS = YES_ERROR;
				CLANG_WARN_RANGE_LOOP_ANALYSIS = YES;
				CLANG_WARN_STRICT_PROTOTYPES = YES;
				CLANG_WARN_SUSPICIOUS_MOVE = YES;
				CLANG_WARN_UNGUARDED_AVAILABILITY = YES_AGGRESSIVE;
				CLANG_WARN_UNREACHABLE_CODE = YES;
				CLANG_WARN__DUPLICATE_METHOD_MATCH = YES;
				CODE_SIGN_IDENTITY = "iPhone Developer";
				COPY_PHASE_STRIP = NO;
				DEBUG_INFORMATION_FORMAT = "dwarf-with-dsym";
				ENABLE_NS_ASSERTIONS = NO;
				ENABLE_STRICT_OBJC_MSGSEND = YES;
				GCC_C_LANGUAGE_STANDARD = gnu11;
				GCC_NO_COMMON_BLOCKS = YES;
				GCC_WARN_64_TO_32_BIT_CONVERSION = YES;
				GCC_WARN_ABOUT_RETURN_TYPE = YES_ERROR;
				GCC_WARN_UNDECLARED_SELECTOR = YES;
				GCC_WARN_UNINITIALIZED_AUTOS = YES_AGGRESSIVE;
				GCC_WARN_UNUSED_FUNCTION = YES;
				GCC_WARN_UNUSED_VARIABLE = YES;
				IPHONEOS_DEPLOYMENT_TARGET = 12.1;
				MTL_ENABLE_DEBUG_INFO = NO;
				MTL_FAST_MATH = YES;
				SDKROOT = iphoneos;
				SWIFT_COMPILATION_MODE = wholemodule;
				SWIFT_OPTIMIZATION_LEVEL = "-O";
				VALIDATE_PRODUCT = YES;
			};
			name = Release;
		};
		9CFE9D9B21A8ADBE0030AE33 /* Debug */ = {
			isa = XCBuildConfiguration;
			baseConfigurationReference = 7802F022145F5DBC30D73AF1 /* Pods-Studium.debug.xcconfig */;
			buildSettings = {
				ASSETCATALOG_COMPILER_APPICON_NAME = AppIcon;
				CLANG_ENABLE_MODULES = YES;
				CODE_SIGN_STYLE = Automatic;
				DEVELOPMENT_TEAM = 22WBCLURAG;
				INFOPLIST_FILE = Studium/Info.plist;
				IPHONEOS_DEPLOYMENT_TARGET = 11.0;
				LD_RUNPATH_SEARCH_PATHS = (
					"$(inherited)",
					"@executable_path/Frameworks",
				);
				PRODUCT_BUNDLE_IDENTIFIER = Unict.it.Studium;
				PRODUCT_NAME = "$(TARGET_NAME)";
				SWIFT_OBJC_BRIDGING_HEADER = "Studium/Studium-Bridging-Header.h";
				SWIFT_OPTIMIZATION_LEVEL = "-Onone";
				SWIFT_VERSION = 4.2;
				TARGETED_DEVICE_FAMILY = 1;
			};
			name = Debug;
		};
		9CFE9D9C21A8ADBE0030AE33 /* Release */ = {
			isa = XCBuildConfiguration;
			baseConfigurationReference = 5D66B128BEEFBD37FBF61C25 /* Pods-Studium.release.xcconfig */;
			buildSettings = {
				ASSETCATALOG_COMPILER_APPICON_NAME = AppIcon;
				CLANG_ENABLE_MODULES = YES;
				CODE_SIGN_STYLE = Automatic;
				DEVELOPMENT_TEAM = 22WBCLURAG;
				INFOPLIST_FILE = Studium/Info.plist;
				IPHONEOS_DEPLOYMENT_TARGET = 11.0;
				LD_RUNPATH_SEARCH_PATHS = (
					"$(inherited)",
					"@executable_path/Frameworks",
				);
				PRODUCT_BUNDLE_IDENTIFIER = Unict.it.Studium;
				PRODUCT_NAME = "$(TARGET_NAME)";
				SWIFT_OBJC_BRIDGING_HEADER = "Studium/Studium-Bridging-Header.h";
				SWIFT_VERSION = 4.2;
				TARGETED_DEVICE_FAMILY = 1;
			};
			name = Release;
		};
		9CFE9D9E21A8ADBE0030AE33 /* Debug */ = {
			isa = XCBuildConfiguration;
			baseConfigurationReference = D1518B2E0B085F4758918CFA /* Pods-StudiumTests.debug.xcconfig */;
			buildSettings = {
				ALWAYS_EMBED_SWIFT_STANDARD_LIBRARIES = YES;
				BUNDLE_LOADER = "$(TEST_HOST)";
				CODE_SIGN_STYLE = Automatic;
				INFOPLIST_FILE = StudiumTests/Info.plist;
				LD_RUNPATH_SEARCH_PATHS = (
					"$(inherited)",
					"@executable_path/Frameworks",
					"@loader_path/Frameworks",
				);
				PRODUCT_BUNDLE_IDENTIFIER = Unict.it.StudiumTests;
				PRODUCT_NAME = "$(TARGET_NAME)";
				SWIFT_VERSION = 4.2;
				TARGETED_DEVICE_FAMILY = "1,2";
				TEST_HOST = "$(BUILT_PRODUCTS_DIR)/Studium.app/Studium";
			};
			name = Debug;
		};
		9CFE9D9F21A8ADBE0030AE33 /* Release */ = {
			isa = XCBuildConfiguration;
			baseConfigurationReference = 0D0D5F6926FC3A70A81E131D /* Pods-StudiumTests.release.xcconfig */;
			buildSettings = {
				ALWAYS_EMBED_SWIFT_STANDARD_LIBRARIES = YES;
				BUNDLE_LOADER = "$(TEST_HOST)";
				CODE_SIGN_STYLE = Automatic;
				INFOPLIST_FILE = StudiumTests/Info.plist;
				LD_RUNPATH_SEARCH_PATHS = (
					"$(inherited)",
					"@executable_path/Frameworks",
					"@loader_path/Frameworks",
				);
				PRODUCT_BUNDLE_IDENTIFIER = Unict.it.StudiumTests;
				PRODUCT_NAME = "$(TARGET_NAME)";
				SWIFT_VERSION = 4.2;
				TARGETED_DEVICE_FAMILY = "1,2";
				TEST_HOST = "$(BUILT_PRODUCTS_DIR)/Studium.app/Studium";
			};
			name = Release;
		};
		9CFE9DA121A8ADBE0030AE33 /* Debug */ = {
			isa = XCBuildConfiguration;
			baseConfigurationReference = 7B2EB8B6FB4CA8EFFB172DA4 /* Pods-StudiumUITests.debug.xcconfig */;
			buildSettings = {
				ALWAYS_EMBED_SWIFT_STANDARD_LIBRARIES = YES;
				CODE_SIGN_STYLE = Automatic;
				INFOPLIST_FILE = StudiumUITests/Info.plist;
				LD_RUNPATH_SEARCH_PATHS = (
					"$(inherited)",
					"@executable_path/Frameworks",
					"@loader_path/Frameworks",
				);
				PRODUCT_BUNDLE_IDENTIFIER = Unict.it.StudiumUITests;
				PRODUCT_NAME = "$(TARGET_NAME)";
				SWIFT_VERSION = 4.2;
				TARGETED_DEVICE_FAMILY = "1,2";
				TEST_TARGET_NAME = Studium;
			};
			name = Debug;
		};
		9CFE9DA221A8ADBE0030AE33 /* Release */ = {
			isa = XCBuildConfiguration;
			baseConfigurationReference = 0E83DFE790C0A80B2F43811B /* Pods-StudiumUITests.release.xcconfig */;
			buildSettings = {
				ALWAYS_EMBED_SWIFT_STANDARD_LIBRARIES = YES;
				CODE_SIGN_STYLE = Automatic;
				INFOPLIST_FILE = StudiumUITests/Info.plist;
				LD_RUNPATH_SEARCH_PATHS = (
					"$(inherited)",
					"@executable_path/Frameworks",
					"@loader_path/Frameworks",
				);
				PRODUCT_BUNDLE_IDENTIFIER = Unict.it.StudiumUITests;
				PRODUCT_NAME = "$(TARGET_NAME)";
				SWIFT_VERSION = 4.2;
				TARGETED_DEVICE_FAMILY = "1,2";
				TEST_TARGET_NAME = Studium;
			};
			name = Release;
		};
/* End XCBuildConfiguration section */

/* Begin XCConfigurationList section */
		9CFE9D6A21A8ADBC0030AE33 /* Build configuration list for PBXProject "Studium" */ = {
			isa = XCConfigurationList;
			buildConfigurations = (
				9CFE9D9821A8ADBE0030AE33 /* Debug */,
				9CFE9D9921A8ADBE0030AE33 /* Release */,
			);
			defaultConfigurationIsVisible = 0;
			defaultConfigurationName = Release;
		};
		9CFE9D9A21A8ADBE0030AE33 /* Build configuration list for PBXNativeTarget "Studium" */ = {
			isa = XCConfigurationList;
			buildConfigurations = (
				9CFE9D9B21A8ADBE0030AE33 /* Debug */,
				9CFE9D9C21A8ADBE0030AE33 /* Release */,
			);
			defaultConfigurationIsVisible = 0;
			defaultConfigurationName = Release;
		};
		9CFE9D9D21A8ADBE0030AE33 /* Build configuration list for PBXNativeTarget "StudiumTests" */ = {
			isa = XCConfigurationList;
			buildConfigurations = (
				9CFE9D9E21A8ADBE0030AE33 /* Debug */,
				9CFE9D9F21A8ADBE0030AE33 /* Release */,
			);
			defaultConfigurationIsVisible = 0;
			defaultConfigurationName = Release;
		};
		9CFE9DA021A8ADBE0030AE33 /* Build configuration list for PBXNativeTarget "StudiumUITests" */ = {
			isa = XCConfigurationList;
			buildConfigurations = (
				9CFE9DA121A8ADBE0030AE33 /* Debug */,
				9CFE9DA221A8ADBE0030AE33 /* Release */,
			);
			defaultConfigurationIsVisible = 0;
			defaultConfigurationName = Release;
		};
/* End XCConfigurationList section */

/* Begin XCVersionGroup section */
		9CFE9D7921A8ADBC0030AE33 /* Studium.xcdatamodeld */ = {
			isa = XCVersionGroup;
			children = (
				9CFE9D7A21A8ADBC0030AE33 /* Studium.xcdatamodel */,
			);
			currentVersion = 9CFE9D7A21A8ADBC0030AE33 /* Studium.xcdatamodel */;
			path = Studium.xcdatamodeld;
			sourceTree = "<group>";
			versionGroupType = wrapper.xcdatamodel;
		};
/* End XCVersionGroup section */
	};
	rootObject = 9CFE9D6721A8ADBC0030AE33 /* Project object */;
}
